
Microsoft Visual Studio Solution File, Format Version 12.00
# Visual Studio 14
VisualStudioVersion = 14.0.25420.1
MinimumVisualStudioVersion = 10.0.40219.1
Project("{FAE04EC0-301F-11D3-BF4B-00C04F79EFBC}") = "APROS Serial Utility", "APROS Serial Utility\APROS Serial Utility.csproj", "{59142B6E-35DE-4CFA-9D83-2905C9D8833B}"
EndProject
Project("{FAE04EC0-301F-11D3-BF4B-00C04F79EFBC}") = "TestPanel", "TestPanel\TestPanel.csproj", "{431DF893-0545-44FA-BE16-418620F1006F}"
EndProject
Project("{FAE04EC0-301F-11D3-BF4B-00C04F79EFBC}") = "Expand_APROS_CT_Panel", "Expand_APROS_CT_Panel\Expand_APROS_CT_Panel.csproj", "{42348F03-3201-4183-A409-16B4B7F4CCFA}"
EndProject
Project("{FAE04EC0-301F-11D3-BF4B-00C04F79EFBC}") = "Expand_RSSI_Panel", "Expand_RSSI_Panel\Expand_RSSI_Panel.csproj", "{05185D43-E4BE-444A-AC0C-B07A8AF39833}"
EndProject
Project("{FAE04EC0-301F-11D3-BF4B-00C04F79EFBC}") = "Expand_SCA3300_I_Panel", "Expand_SCA3300_I_Panel\Expand_SCA3300_I_Panel.csproj", "{C06FDC0F-E199-41F7-AD87-BF284795A1AE}"
EndProject
Project("{FAE04EC0-301F-11D3-BF4B-00C04F79EFBC}") = "Expand_KTC_Sampling", "Expand_KTC_Sampling\Expand_KTC_Sampling.csproj", "{2DB806B7-5DF9-4CEA-AF0F-550B4C398462}"
EndProject
Project("{FAE04EC0-301F-11D3-BF4B-00C04F79EFBC}") = "Expand_KTC_Accuracy", "Expand_KTC_Accuracy\Expand_KTC_Accuracy.csproj", "{89D27975-8BD5-43BE-A30A-E1F668B69973}"
EndProject
Project("{FAE04EC0-301F-11D3-BF4B-00C04F79EFBC}") = "Expand_APROS_GW", "Expand_APROS_GW\Expand_APROS_GW.csproj", "{7944E786-3BF8-4787-8915-A3469AD483E9}"
EndProject
Project("{FAE04EC0-301F-11D3-BF4B-00C04F79EFBC}") = "Expand_KTC_IITP", "Expand_KTC_IITP\Expand_KTC_IITP.csproj", "{4432DE04-48AC-450C-A79B-057B810FC1ED}"
EndProject
Project("{FAE04EC0-301F-11D3-BF4B-00C04F79EFBC}") = "Expand_IITP_Sensors", "Expand_IITP_Sensors\Expand_IITP_Sensors.csproj", "{FEE89325-7027-4458-AC8D-998845889ED4}"
EndProject
Project("{FAE04EC0-301F-11D3-BF4B-00C04F79EFBC}") = "Expand_Samsung_SLM", "Expand_Samsung_Demo\Expand_Samsung_SLM.csproj", "{8C2928A7-A34E-40C7-BB73-A123B37C6DC3}"
EndProject
Project("{54435603-DBB4-11D2-8724-00A0C9A8B90C}") = "Setup", "Setup\Setup.vdproj", "{9AA666CF-E738-4A50-A94B-4E21069BEEFE}"
EndProject
Project("{FAE04EC0-301F-11D3-BF4B-00C04F79EFBC}") = "Expand_Murata_CT_Demo", "Expand_Murata_CT_Demo\Expand_Murata_CT_Demo.csproj", "{C0848623-1AED-4B2C-BCA4-195595AF5994}"
EndProject
Project("{FAE04EC0-301F-11D3-BF4B-00C04F79EFBC}") = "Expand_SLM_QC", "Expand_SLM_QC\Expand_SLM_QC.csproj", "{25AE89C3-7800-4C84-BD0F-FB47AD9C1C7E}"
EndProject
Project("{FAE04EC0-301F-11D3-BF4B-00C04F79EFBC}") = "Expand_CC1310_Testing", "Expand_CC1310_Testing\Expand_CC1310_Testing.csproj", "{734AEA76-9290-4B10-95A5-EAF7B605E226}"
EndProject
Project("{FAE04EC0-301F-11D3-BF4B-00C04F79EFBC}") = "Basic_Template", "Basic_Template\Basic_Template.csproj", "{7DCC27E7-C759-452A-A6DE-990EFD5E3B11}"
EndProject
Project("{FAE04EC0-301F-11D3-BF4B-00C04F79EFBC}") = "Expand_ADS127_Panel", "Expand_ADS127_Panel\Expand_ADS127_Panel.csproj", "{DE2C030B-19E6-434D-B58A-BDC345C7A9A0}"
EndProject
Project("{FAE04EC0-301F-11D3-BF4B-00C04F79EFBC}") = "Expand_ADXL355_Panel", "Expand_ADXL355_Panel\Expand_ADXL355_Panel.csproj", "{F32F6C14-7CB0-415B-A38C-C8FDF8AF9E33}"
EndProject
Project("{FAE04EC0-301F-11D3-BF4B-00C04F79EFBC}") = "Expand_SensComm_Panel", "Expand_SensComm_Panel\Expand_SensComm_Panel.csproj", "{8C724249-CBC3-4755-982D-796E71C9CEF1}"
EndProject
Project("{FAE04EC0-301F-11D3-BF4B-00C04F79EFBC}") = "Expand_FileUtil_Panel", "Expand_FileUtil_Panel\Expand_FileUtil_Panel.csproj", "{6A4273E6-CEB4-411E-B2AD-522E01CBE736}"
EndProject
Project("{FAE04EC0-301F-11D3-BF4B-00C04F79EFBC}") = "Expand_Facility_Report_Panel", "Expand_Facility_Report_Panel\Expand_Facility_Report_Panel.csproj", "{EB5638BD-671E-4C73-9035-346C27424F89}"
EndProject
Project("{FAE04EC0-301F-11D3-BF4B-00C04F79EFBC}") = "Expand_DH_Facility_Report_Part2", "Expand_DH_Facility_Report_Part2\Expand_DH_Facility_Report_Part2.csproj", "{8A72DBC7-96DE-497A-8C3B-4933E7E6C372}"
EndProject
Project("{FAE04EC0-301F-11D3-BF4B-00C04F79EFBC}") = "APCL-Base", "APCL-Base\APCL-Base.csproj", "{1FAEE7DC-CA9F-4AA0-8A01-43F92C7F9F3F}"
EndProject
Global
	GlobalSection(SolutionConfigurationPlatforms) = preSolution
		Debug|Any CPU = Debug|Any CPU
		Debug|x86 = Debug|x86
		Release|Any CPU = Release|Any CPU
		Release|x86 = Release|x86
	EndGlobalSection
	GlobalSection(ProjectConfigurationPlatforms) = postSolution
		{59142B6E-35DE-4CFA-9D83-2905C9D8833B}.Debug|Any CPU.ActiveCfg = Debug|Any CPU
		{59142B6E-35DE-4CFA-9D83-2905C9D8833B}.Debug|Any CPU.Build.0 = Debug|Any CPU
		{59142B6E-35DE-4CFA-9D83-2905C9D8833B}.Debug|x86.ActiveCfg = Debug|x86
		{59142B6E-35DE-4CFA-9D83-2905C9D8833B}.Debug|x86.Build.0 = Debug|x86
		{59142B6E-35DE-4CFA-9D83-2905C9D8833B}.Release|Any CPU.ActiveCfg = Release|Any CPU
		{59142B6E-35DE-4CFA-9D83-2905C9D8833B}.Release|Any CPU.Build.0 = Release|Any CPU
		{59142B6E-35DE-4CFA-9D83-2905C9D8833B}.Release|x86.ActiveCfg = Release|x86
		{59142B6E-35DE-4CFA-9D83-2905C9D8833B}.Release|x86.Build.0 = Release|x86
		{431DF893-0545-44FA-BE16-418620F1006F}.Debug|Any CPU.ActiveCfg = Debug|Any CPU
		{431DF893-0545-44FA-BE16-418620F1006F}.Debug|Any CPU.Build.0 = Debug|Any CPU
		{431DF893-0545-44FA-BE16-418620F1006F}.Debug|x86.ActiveCfg = Debug|x86
		{431DF893-0545-44FA-BE16-418620F1006F}.Debug|x86.Build.0 = Debug|x86
		{431DF893-0545-44FA-BE16-418620F1006F}.Release|Any CPU.ActiveCfg = Release|Any CPU
		{431DF893-0545-44FA-BE16-418620F1006F}.Release|Any CPU.Build.0 = Release|Any CPU
		{431DF893-0545-44FA-BE16-418620F1006F}.Release|x86.ActiveCfg = Release|Any CPU
		{431DF893-0545-44FA-BE16-418620F1006F}.Release|x86.Build.0 = Release|Any CPU
		{42348F03-3201-4183-A409-16B4B7F4CCFA}.Debug|Any CPU.ActiveCfg = Debug|Any CPU
		{42348F03-3201-4183-A409-16B4B7F4CCFA}.Debug|Any CPU.Build.0 = Debug|Any CPU
		{42348F03-3201-4183-A409-16B4B7F4CCFA}.Debug|x86.ActiveCfg = Debug|x86
		{42348F03-3201-4183-A409-16B4B7F4CCFA}.Debug|x86.Build.0 = Debug|x86
		{42348F03-3201-4183-A409-16B4B7F4CCFA}.Release|Any CPU.ActiveCfg = Release|Any CPU
		{42348F03-3201-4183-A409-16B4B7F4CCFA}.Release|Any CPU.Build.0 = Release|Any CPU
		{42348F03-3201-4183-A409-16B4B7F4CCFA}.Release|x86.ActiveCfg = Release|Any CPU
		{42348F03-3201-4183-A409-16B4B7F4CCFA}.Release|x86.Build.0 = Release|Any CPU
		{05185D43-E4BE-444A-AC0C-B07A8AF39833}.Debug|Any CPU.ActiveCfg = Debug|Any CPU
		{05185D43-E4BE-444A-AC0C-B07A8AF39833}.Debug|Any CPU.Build.0 = Debug|Any CPU
		{05185D43-E4BE-444A-AC0C-B07A8AF39833}.Debug|x86.ActiveCfg = Debug|x86
		{05185D43-E4BE-444A-AC0C-B07A8AF39833}.Debug|x86.Build.0 = Debug|x86
		{05185D43-E4BE-444A-AC0C-B07A8AF39833}.Release|Any CPU.ActiveCfg = Release|Any CPU
		{05185D43-E4BE-444A-AC0C-B07A8AF39833}.Release|Any CPU.Build.0 = Release|Any CPU
		{05185D43-E4BE-444A-AC0C-B07A8AF39833}.Release|x86.ActiveCfg = Release|x86
		{05185D43-E4BE-444A-AC0C-B07A8AF39833}.Release|x86.Build.0 = Release|x86
		{C06FDC0F-E199-41F7-AD87-BF284795A1AE}.Debug|Any CPU.ActiveCfg = Debug|Any CPU
		{C06FDC0F-E199-41F7-AD87-BF284795A1AE}.Debug|Any CPU.Build.0 = Debug|Any CPU
		{C06FDC0F-E199-41F7-AD87-BF284795A1AE}.Debug|x86.ActiveCfg = Debug|x86
		{C06FDC0F-E199-41F7-AD87-BF284795A1AE}.Debug|x86.Build.0 = Debug|x86
		{C06FDC0F-E199-41F7-AD87-BF284795A1AE}.Release|Any CPU.ActiveCfg = Release|Any CPU
		{C06FDC0F-E199-41F7-AD87-BF284795A1AE}.Release|Any CPU.Build.0 = Release|Any CPU
		{C06FDC0F-E199-41F7-AD87-BF284795A1AE}.Release|x86.ActiveCfg = Release|x86
		{C06FDC0F-E199-41F7-AD87-BF284795A1AE}.Release|x86.Build.0 = Release|x86
		{2DB806B7-5DF9-4CEA-AF0F-550B4C398462}.Debug|Any CPU.ActiveCfg = Debug|Any CPU
		{2DB806B7-5DF9-4CEA-AF0F-550B4C398462}.Debug|Any CPU.Build.0 = Debug|Any CPU
		{2DB806B7-5DF9-4CEA-AF0F-550B4C398462}.Debug|x86.ActiveCfg = Debug|x86
		{2DB806B7-5DF9-4CEA-AF0F-550B4C398462}.Debug|x86.Build.0 = Debug|x86
		{2DB806B7-5DF9-4CEA-AF0F-550B4C398462}.Release|Any CPU.ActiveCfg = Release|Any CPU
		{2DB806B7-5DF9-4CEA-AF0F-550B4C398462}.Release|Any CPU.Build.0 = Release|Any CPU
		{2DB806B7-5DF9-4CEA-AF0F-550B4C398462}.Release|x86.ActiveCfg = Release|Any CPU
		{2DB806B7-5DF9-4CEA-AF0F-550B4C398462}.Release|x86.Build.0 = Release|Any CPU
		{89D27975-8BD5-43BE-A30A-E1F668B69973}.Debug|Any CPU.ActiveCfg = Debug|Any CPU
		{89D27975-8BD5-43BE-A30A-E1F668B69973}.Debug|Any CPU.Build.0 = Debug|Any CPU
		{89D27975-8BD5-43BE-A30A-E1F668B69973}.Debug|x86.ActiveCfg = Debug|x86
		{89D27975-8BD5-43BE-A30A-E1F668B69973}.Debug|x86.Build.0 = Debug|x86
		{89D27975-8BD5-43BE-A30A-E1F668B69973}.Release|Any CPU.ActiveCfg = Release|Any CPU
		{89D27975-8BD5-43BE-A30A-E1F668B69973}.Release|Any CPU.Build.0 = Release|Any CPU
		{89D27975-8BD5-43BE-A30A-E1F668B69973}.Release|x86.ActiveCfg = Release|Any CPU
		{89D27975-8BD5-43BE-A30A-E1F668B69973}.Release|x86.Build.0 = Release|Any CPU
		{7944E786-3BF8-4787-8915-A3469AD483E9}.Debug|Any CPU.ActiveCfg = Debug|Any CPU
		{7944E786-3BF8-4787-8915-A3469AD483E9}.Debug|Any CPU.Build.0 = Debug|Any CPU
		{7944E786-3BF8-4787-8915-A3469AD483E9}.Debug|x86.ActiveCfg = Debug|x86
		{7944E786-3BF8-4787-8915-A3469AD483E9}.Debug|x86.Build.0 = Debug|x86
		{7944E786-3BF8-4787-8915-A3469AD483E9}.Release|Any CPU.ActiveCfg = Release|Any CPU
		{7944E786-3BF8-4787-8915-A3469AD483E9}.Release|Any CPU.Build.0 = Release|Any CPU
		{7944E786-3BF8-4787-8915-A3469AD483E9}.Release|x86.ActiveCfg = Release|Any CPU
		{7944E786-3BF8-4787-8915-A3469AD483E9}.Release|x86.Build.0 = Release|Any CPU
		{4432DE04-48AC-450C-A79B-057B810FC1ED}.Debug|Any CPU.ActiveCfg = Debug|Any CPU
		{4432DE04-48AC-450C-A79B-057B810FC1ED}.Debug|Any CPU.Build.0 = Debug|Any CPU
		{4432DE04-48AC-450C-A79B-057B810FC1ED}.Debug|x86.ActiveCfg = Debug|x86
		{4432DE04-48AC-450C-A79B-057B810FC1ED}.Debug|x86.Build.0 = Debug|x86
		{4432DE04-48AC-450C-A79B-057B810FC1ED}.Release|Any CPU.ActiveCfg = Release|Any CPU
		{4432DE04-48AC-450C-A79B-057B810FC1ED}.Release|Any CPU.Build.0 = Release|Any CPU
		{4432DE04-48AC-450C-A79B-057B810FC1ED}.Release|x86.ActiveCfg = Release|x86
		{4432DE04-48AC-450C-A79B-057B810FC1ED}.Release|x86.Build.0 = Release|x86
		{FEE89325-7027-4458-AC8D-998845889ED4}.Debug|Any CPU.ActiveCfg = Debug|Any CPU
		{FEE89325-7027-4458-AC8D-998845889ED4}.Debug|Any CPU.Build.0 = Debug|Any CPU
		{FEE89325-7027-4458-AC8D-998845889ED4}.Debug|x86.ActiveCfg = Debug|x86
		{FEE89325-7027-4458-AC8D-998845889ED4}.Debug|x86.Build.0 = Debug|x86
		{FEE89325-7027-4458-AC8D-998845889ED4}.Release|Any CPU.ActiveCfg = Release|Any CPU
		{FEE89325-7027-4458-AC8D-998845889ED4}.Release|Any CPU.Build.0 = Release|Any CPU
		{FEE89325-7027-4458-AC8D-998845889ED4}.Release|x86.ActiveCfg = Release|x86
		{FEE89325-7027-4458-AC8D-998845889ED4}.Release|x86.Build.0 = Release|x86
		{8C2928A7-A34E-40C7-BB73-A123B37C6DC3}.Debug|Any CPU.ActiveCfg = Debug|Any CPU
		{8C2928A7-A34E-40C7-BB73-A123B37C6DC3}.Debug|Any CPU.Build.0 = Debug|Any CPU
		{8C2928A7-A34E-40C7-BB73-A123B37C6DC3}.Debug|x86.ActiveCfg = Debug|x86
		{8C2928A7-A34E-40C7-BB73-A123B37C6DC3}.Debug|x86.Build.0 = Debug|x86
		{8C2928A7-A34E-40C7-BB73-A123B37C6DC3}.Release|Any CPU.ActiveCfg = Release|Any CPU
		{8C2928A7-A34E-40C7-BB73-A123B37C6DC3}.Release|Any CPU.Build.0 = Release|Any CPU
		{8C2928A7-A34E-40C7-BB73-A123B37C6DC3}.Release|x86.ActiveCfg = Release|Any CPU
		{8C2928A7-A34E-40C7-BB73-A123B37C6DC3}.Release|x86.Build.0 = Release|Any CPU
		{9AA666CF-E738-4A50-A94B-4E21069BEEFE}.Debug|Any CPU.ActiveCfg = Debug
		{9AA666CF-E738-4A50-A94B-4E21069BEEFE}.Debug|x86.ActiveCfg = Debug
		{9AA666CF-E738-4A50-A94B-4E21069BEEFE}.Debug|x86.Build.0 = Debug
		{9AA666CF-E738-4A50-A94B-4E21069BEEFE}.Release|Any CPU.ActiveCfg = Release
		{9AA666CF-E738-4A50-A94B-4E21069BEEFE}.Release|x86.ActiveCfg = Release
		{C0848623-1AED-4B2C-BCA4-195595AF5994}.Debug|Any CPU.ActiveCfg = Debug|Any CPU
		{C0848623-1AED-4B2C-BCA4-195595AF5994}.Debug|Any CPU.Build.0 = Debug|Any CPU
		{C0848623-1AED-4B2C-BCA4-195595AF5994}.Debug|x86.ActiveCfg = Debug|x86
		{C0848623-1AED-4B2C-BCA4-195595AF5994}.Debug|x86.Build.0 = Debug|x86
		{C0848623-1AED-4B2C-BCA4-195595AF5994}.Release|Any CPU.ActiveCfg = Release|Any CPU
		{C0848623-1AED-4B2C-BCA4-195595AF5994}.Release|Any CPU.Build.0 = Release|Any CPU
		{C0848623-1AED-4B2C-BCA4-195595AF5994}.Release|x86.ActiveCfg = Release|x86
		{C0848623-1AED-4B2C-BCA4-195595AF5994}.Release|x86.Build.0 = Release|x86
		{25AE89C3-7800-4C84-BD0F-FB47AD9C1C7E}.Debug|Any CPU.ActiveCfg = Debug|Any CPU
		{25AE89C3-7800-4C84-BD0F-FB47AD9C1C7E}.Debug|Any CPU.Build.0 = Debug|Any CPU
		{25AE89C3-7800-4C84-BD0F-FB47AD9C1C7E}.Debug|x86.ActiveCfg = Debug|x86
		{25AE89C3-7800-4C84-BD0F-FB47AD9C1C7E}.Debug|x86.Build.0 = Debug|x86
		{25AE89C3-7800-4C84-BD0F-FB47AD9C1C7E}.Release|Any CPU.ActiveCfg = Release|Any CPU
		{25AE89C3-7800-4C84-BD0F-FB47AD9C1C7E}.Release|Any CPU.Build.0 = Release|Any CPU
		{25AE89C3-7800-4C84-BD0F-FB47AD9C1C7E}.Release|x86.ActiveCfg = Release|x86
		{25AE89C3-7800-4C84-BD0F-FB47AD9C1C7E}.Release|x86.Build.0 = Release|x86
		{734AEA76-9290-4B10-95A5-EAF7B605E226}.Debug|Any CPU.ActiveCfg = Debug|Any CPU
		{734AEA76-9290-4B10-95A5-EAF7B605E226}.Debug|Any CPU.Build.0 = Debug|Any CPU
		{734AEA76-9290-4B10-95A5-EAF7B605E226}.Debug|x86.ActiveCfg = Debug|x86
		{734AEA76-9290-4B10-95A5-EAF7B605E226}.Debug|x86.Build.0 = Debug|x86
		{734AEA76-9290-4B10-95A5-EAF7B605E226}.Release|Any CPU.ActiveCfg = Release|Any CPU
		{734AEA76-9290-4B10-95A5-EAF7B605E226}.Release|Any CPU.Build.0 = Release|Any CPU
		{734AEA76-9290-4B10-95A5-EAF7B605E226}.Release|x86.ActiveCfg = Release|x86
		{734AEA76-9290-4B10-95A5-EAF7B605E226}.Release|x86.Build.0 = Release|x86
		{7DCC27E7-C759-452A-A6DE-990EFD5E3B11}.Debug|Any CPU.ActiveCfg = Debug|Any CPU
		{7DCC27E7-C759-452A-A6DE-990EFD5E3B11}.Debug|Any CPU.Build.0 = Debug|Any CPU
		{7DCC27E7-C759-452A-A6DE-990EFD5E3B11}.Debug|x86.ActiveCfg = Debug|x86
		{7DCC27E7-C759-452A-A6DE-990EFD5E3B11}.Debug|x86.Build.0 = Debug|x86
		{7DCC27E7-C759-452A-A6DE-990EFD5E3B11}.Release|Any CPU.ActiveCfg = Release|Any CPU
		{7DCC27E7-C759-452A-A6DE-990EFD5E3B11}.Release|Any CPU.Build.0 = Release|Any CPU
		{7DCC27E7-C759-452A-A6DE-990EFD5E3B11}.Release|x86.ActiveCfg = Release|x86
		{7DCC27E7-C759-452A-A6DE-990EFD5E3B11}.Release|x86.Build.0 = Release|x86
		{DE2C030B-19E6-434D-B58A-BDC345C7A9A0}.Debug|Any CPU.ActiveCfg = Debug|Any CPU
		{DE2C030B-19E6-434D-B58A-BDC345C7A9A0}.Debug|Any CPU.Build.0 = Debug|Any CPU
		{DE2C030B-19E6-434D-B58A-BDC345C7A9A0}.Debug|x86.ActiveCfg = Debug|x86
		{DE2C030B-19E6-434D-B58A-BDC345C7A9A0}.Debug|x86.Build.0 = Debug|x86
		{DE2C030B-19E6-434D-B58A-BDC345C7A9A0}.Release|Any CPU.ActiveCfg = Release|Any CPU
		{DE2C030B-19E6-434D-B58A-BDC345C7A9A0}.Release|Any CPU.Build.0 = Release|Any CPU
		{DE2C030B-19E6-434D-B58A-BDC345C7A9A0}.Release|x86.ActiveCfg = Release|x86
		{DE2C030B-19E6-434D-B58A-BDC345C7A9A0}.Release|x86.Build.0 = Release|x86
		{F32F6C14-7CB0-415B-A38C-C8FDF8AF9E33}.Debug|Any CPU.ActiveCfg = Debug|Any CPU
		{F32F6C14-7CB0-415B-A38C-C8FDF8AF9E33}.Debug|Any CPU.Build.0 = Debug|Any CPU
		{F32F6C14-7CB0-415B-A38C-C8FDF8AF9E33}.Debug|x86.ActiveCfg = Debug|x86
		{F32F6C14-7CB0-415B-A38C-C8FDF8AF9E33}.Debug|x86.Build.0 = Debug|x86
		{F32F6C14-7CB0-415B-A38C-C8FDF8AF9E33}.Release|Any CPU.ActiveCfg = Release|Any CPU
		{F32F6C14-7CB0-415B-A38C-C8FDF8AF9E33}.Release|Any CPU.Build.0 = Release|Any CPU
		{F32F6C14-7CB0-415B-A38C-C8FDF8AF9E33}.Release|x86.ActiveCfg = Release|x86
		{F32F6C14-7CB0-415B-A38C-C8FDF8AF9E33}.Release|x86.Build.0 = Release|x86
		{8C724249-CBC3-4755-982D-796E71C9CEF1}.Debug|Any CPU.ActiveCfg = Debug|Any CPU
		{8C724249-CBC3-4755-982D-796E71C9CEF1}.Debug|Any CPU.Build.0 = Debug|Any CPU
		{8C724249-CBC3-4755-982D-796E71C9CEF1}.Debug|x86.ActiveCfg = Debug|x86
		{8C724249-CBC3-4755-982D-796E71C9CEF1}.Debug|x86.Build.0 = Debug|x86
		{8C724249-CBC3-4755-982D-796E71C9CEF1}.Release|Any CPU.ActiveCfg = Release|Any CPU
		{8C724249-CBC3-4755-982D-796E71C9CEF1}.Release|Any CPU.Build.0 = Release|Any CPU
		{8C724249-CBC3-4755-982D-796E71C9CEF1}.Release|x86.ActiveCfg = Release|x86
		{8C724249-CBC3-4755-982D-796E71C9CEF1}.Release|x86.Build.0 = Release|x86
		{6A4273E6-CEB4-411E-B2AD-522E01CBE736}.Debug|Any CPU.ActiveCfg = Debug|Any CPU
		{6A4273E6-CEB4-411E-B2AD-522E01CBE736}.Debug|Any CPU.Build.0 = Debug|Any CPU
		{6A4273E6-CEB4-411E-B2AD-522E01CBE736}.Debug|x86.ActiveCfg = Debug|x86
		{6A4273E6-CEB4-411E-B2AD-522E01CBE736}.Debug|x86.Build.0 = Debug|x86
		{6A4273E6-CEB4-411E-B2AD-522E01CBE736}.Release|Any CPU.ActiveCfg = Release|Any CPU
		{6A4273E6-CEB4-411E-B2AD-522E01CBE736}.Release|Any CPU.Build.0 = Release|Any CPU
		{6A4273E6-CEB4-411E-B2AD-522E01CBE736}.Release|x86.ActiveCfg = Release|x86
		{6A4273E6-CEB4-411E-B2AD-522E01CBE736}.Release|x86.Build.0 = Release|x86
		{EB5638BD-671E-4C73-9035-346C27424F89}.Debug|Any CPU.ActiveCfg = Debug|Any CPU
		{EB5638BD-671E-4C73-9035-346C27424F89}.Debug|Any CPU.Build.0 = Debug|Any CPU
		{EB5638BD-671E-4C73-9035-346C27424F89}.Debug|x86.ActiveCfg = Debug|x86
		{EB5638BD-671E-4C73-9035-346C27424F89}.Debug|x86.Build.0 = Debug|x86
		{EB5638BD-671E-4C73-9035-346C27424F89}.Release|Any CPU.ActiveCfg = Release|Any CPU
		{EB5638BD-671E-4C73-9035-346C27424F89}.Release|Any CPU.Build.0 = Release|Any CPU
		{EB5638BD-671E-4C73-9035-346C27424F89}.Release|x86.ActiveCfg = Release|x86
		{EB5638BD-671E-4C73-9035-346C27424F89}.Release|x86.Build.0 = Release|x86
		{8A72DBC7-96DE-497A-8C3B-4933E7E6C372}.Debug|Any CPU.ActiveCfg = Debug|Any CPU
		{8A72DBC7-96DE-497A-8C3B-4933E7E6C372}.Debug|Any CPU.Build.0 = Debug|Any CPU
		{8A72DBC7-96DE-497A-8C3B-4933E7E6C372}.Debug|x86.ActiveCfg = Debug|x86
		{8A72DBC7-96DE-497A-8C3B-4933E7E6C372}.Debug|x86.Build.0 = Debug|x86
		{8A72DBC7-96DE-497A-8C3B-4933E7E6C372}.Release|Any CPU.ActiveCfg = Release|Any CPU
		{8A72DBC7-96DE-497A-8C3B-4933E7E6C372}.Release|Any CPU.Build.0 = Release|Any CPU
		{8A72DBC7-96DE-497A-8C3B-4933E7E6C372}.Release|x86.ActiveCfg = Release|x86
		{8A72DBC7-96DE-497A-8C3B-4933E7E6C372}.Release|x86.Build.0 = Release|x86
		{1FAEE7DC-CA9F-4AA0-8A01-43F92C7F9F3F}.Debug|Any CPU.ActiveCfg = Debug|Any CPU
		{1FAEE7DC-CA9F-4AA0-8A01-43F92C7F9F3F}.Debug|Any CPU.Build.0 = Debug|Any CPU
		{1FAEE7DC-CA9F-4AA0-8A01-43F92C7F9F3F}.Debug|x86.ActiveCfg = Debug|x86
		{1FAEE7DC-CA9F-4AA0-8A01-43F92C7F9F3F}.Debug|x86.Build.0 = Debug|x86
		{1FAEE7DC-CA9F-4AA0-8A01-43F92C7F9F3F}.Release|Any CPU.ActiveCfg = Release|Any CPU
		{1FAEE7DC-CA9F-4AA0-8A01-43F92C7F9F3F}.Release|Any CPU.Build.0 = Release|Any CPU
		{1FAEE7DC-CA9F-4AA0-8A01-43F92C7F9F3F}.Release|x86.ActiveCfg = Release|x86
		{1FAEE7DC-CA9F-4AA0-8A01-43F92C7F9F3F}.Release|x86.Build.0 = Release|x86
	EndGlobalSection
	GlobalSection(SolutionProperties) = preSolution
		HideSolutionNode = FALSE
	EndGlobalSection
EndGlobal
